<?xml version="1.0" encoding="utf-8"?>
<Project ToolsVersion="4.0" xmlns="http://schemas.microsoft.com/developer/msbuild/2003">
  <ItemGroup>
    <Filter Include="Source Files">
      <UniqueIdentifier>{4FC737F1-C7A5-4376-A066-2A32D752A2FF}</UniqueIdentifier>
      <Extensions>cpp;c;cc;cxx;c++;cppm;ixx;def;odl;idl;hpj;bat;asm;asmx</Extensions>
    </Filter>
    <Filter Include="Header Files">
      <UniqueIdentifier>{93995380-89BD-4b04-88EB-625FBE52EBFB}</UniqueIdentifier>
      <Extensions>h;hh;hpp;hxx;h++;hm;inl;inc;ipp;xsd</Extensions>
    </Filter>
    <Filter Include="Resource Files">
      <UniqueIdentifier>{67DA6AB6-F800-4c08-8B7A-83BB121AAD01}</UniqueIdentifier>
      <Extensions>rc;ico;cur;bmp;dlg;rc2;rct;bin;rgs;gif;jpg;jpeg;jpe;resx;tiff;tif;png;wav;mfcribbon-ms</Extensions>
    </Filter>
    <Filter Include="Header Files\Utilities">
      <UniqueIdentifier>{10f25bc3-6d8c-4257-8b1b-0482199245fd}</UniqueIdentifier>
    </Filter>
    <Filter Include="Source Files\Utilities">
      <UniqueIdentifier>{69839f5a-f4df-491e-8cef-51b514639ac8}</UniqueIdentifier>
    </Filter>
    <Filter Include="Shaders">
      <UniqueIdentifier>{36905a2a-f1a8-41de-b71f-e3d65bdba66f}</UniqueIdentifier>
    </Filter>
    <Filter Include="Header Files\3rd Party">
      <UniqueIdentifier>{e42344a5-0f96-4e05-b293-9fddb8eccadd}</UniqueIdentifier>
    </Filter>
    <Filter Include="Header Files\Graphics">
      <UniqueIdentifier>{a787f93b-db83-4b08-ab7f-d9fc53ace415}</UniqueIdentifier>
    </Filter>
    <Filter Include="Header Files\Graphics\D3D11">
      <UniqueIdentifier>{f1f67624-b3d9-4476-b022-4bf956bf5532}</UniqueIdentifier>
    </Filter>
    <Filter Include="Source Files\Graphics">
      <UniqueIdentifier>{9beba413-4be5-420e-bf4c-29b9bae8e7b3}</UniqueIdentifier>
    </Filter>
    <Filter Include="Source Files\Graphics\D3D11">
      <UniqueIdentifier>{d0704670-dc63-42b1-8075-0b8b69eaef63}</UniqueIdentifier>
    </Filter>
  </ItemGroup>
  <ItemGroup>
    <ClCompile Include="src\Main.cpp">
      <Filter>Source Files</Filter>
    </ClCompile>
    <ClCompile Include="src\Graphics\Direct3D11\DxgiInfoManager.cpp">
      <Filter>Source Files\Graphics\D3D11</Filter>
    </ClCompile>
    <ClCompile Include="src\Graphics\Direct3D11\DirectX11Error.cpp">
      <Filter>Source Files\Utilities</Filter>
    </ClCompile>
    <ClCompile Include="src\EngineWindow.cpp">
      <Filter>Source Files\Utilities</Filter>
    </ClCompile>
    <ClCompile Include="src\Graphics\Direct3D11\Direct3D11IndexBuffer.cpp">
      <Filter>Source Files\Graphics\D3D11</Filter>
    </ClCompile>
    <ClCompile Include="src\Graphics\Direct3D11\Direct3D11InputLayout.cpp">
      <Filter>Source Files\Graphics\D3D11</Filter>
    </ClCompile>
    <ClCompile Include="src\Graphics\Direct3D11\Direct3D11PixelShader.cpp">
      <Filter>Source Files\Graphics\D3D11</Filter>
    </ClCompile>
    <ClCompile Include="src\Graphics\Direct3D11\Direct3D11Renderer.cpp">
      <Filter>Source Files\Graphics\D3D11</Filter>
    </ClCompile>
    <ClCompile Include="src\Graphics\Direct3D11\Direct3D11SamplerState.cpp">
      <Filter>Source Files\Graphics\D3D11</Filter>
    </ClCompile>
    <ClCompile Include="src\Graphics\Direct3D11\Direct3D11Texture2D.cpp">
      <Filter>Source Files\Graphics\D3D11</Filter>
    </ClCompile>
    <ClCompile Include="src\Graphics\Direct3D11\Direct3D11VertexShader.cpp">
      <Filter>Source Files\Graphics\D3D11</Filter>
    </ClCompile>
    <ClCompile Include="src\App.cpp">
      <Filter>Source Files</Filter>
    </ClCompile>
    <ClCompile Include="src\Graphics\Direct3D11\Direct3D11Drawable.cpp">
      <Filter>Source Files\Graphics\D3D11</Filter>
    </ClCompile>
    <ClCompile Include="src\Graphics\Material.cpp">
      <Filter>Source Files\Graphics</Filter>
    </ClCompile>
    <ClCompile Include="src\Graphics\Mesh.cpp">
      <Filter>Source Files\Graphics</Filter>
    </ClCompile>
    <ClCompile Include="src\Graphics\BasicCube.cpp">
      <Filter>Source Files\Graphics</Filter>
    </ClCompile>
    <ClCompile Include="src\Graphics\Model.cpp">
      <Filter>Source Files\Graphics</Filter>
    </ClCompile>
    <ClCompile Include="src\Graphics\Camera.cpp">
      <Filter>Source Files\Graphics</Filter>
    </ClCompile>
    <ClCompile Include="src\Graphics\Direct3D11\Direct3D11ModelConstantBuffer.cpp">
      <Filter>Source Files\Graphics\D3D11</Filter>
    </ClCompile>
    <ClCompile Include="src\Graphics\MaterialFactory.cpp">
      <Filter>Source Files\Graphics</Filter>
    </ClCompile>
    <ClCompile Include="src\Input.cpp">
      <Filter>Source Files</Filter>
    </ClCompile>
  </ItemGroup>
  <ItemGroup>
    <ClInclude Include="src\Graphics\Direct3D11\DxgiInfoManager.h">
      <Filter>Header Files\Graphics\D3D11</Filter>
    </ClInclude>
    <ClInclude Include="src\Graphics\Direct3D11\DirectX11Error.h">
      <Filter>Header Files\Utilities</Filter>
    </ClInclude>
    <ClInclude Include="src\EngineWindow.h">
      <Filter>Header Files\Utilities</Filter>
    </ClInclude>
    <ClInclude Include="src\3rdparty\stb_image.h">
      <Filter>Header Files\3rd Party</Filter>
    </ClInclude>
    <ClInclude Include="src\Macros.h">
      <Filter>Header Files\Utilities</Filter>
    </ClInclude>
    <ClInclude Include="src\Graphics\Direct3D11\Direct3D11VertexShader.h">
      <Filter>Header Files\Graphics\D3D11</Filter>
    </ClInclude>
    <ClInclude Include="src\Graphics\Direct3D11\Direct3D11ConstantBuffer.h">
      <Filter>Header Files\Graphics\D3D11</Filter>
    </ClInclude>
    <ClInclude Include="src\Graphics\Direct3D11\Direct3D11IndexBuffer.h">
      <Filter>Header Files\Graphics\D3D11</Filter>
    </ClInclude>
    <ClInclude Include="src\Graphics\Direct3D11\Direct3D11InputLayout.h">
      <Filter>Header Files\Graphics\D3D11</Filter>
    </ClInclude>
    <ClInclude Include="src\Graphics\Direct3D11\Direct3D11PixelShader.h">
      <Filter>Header Files\Graphics\D3D11</Filter>
    </ClInclude>
    <ClInclude Include="src\Graphics\Direct3D11\Direct3D11Renderer.h">
      <Filter>Header Files\Graphics\D3D11</Filter>
    </ClInclude>
    <ClInclude Include="src\Graphics\Direct3D11\Direct3D11SamplerState.h">
      <Filter>Header Files\Graphics\D3D11</Filter>
    </ClInclude>
    <ClInclude Include="src\Graphics\Direct3D11\Direct3D11Texture2D.h">
      <Filter>Header Files\Graphics\D3D11</Filter>
    </ClInclude>
    <ClInclude Include="src\Graphics\Direct3D11\Direct3D11VertexBuffer.h">
      <Filter>Header Files\Graphics\D3D11</Filter>
    </ClInclude>
    <ClInclude Include="src\App.h">
      <Filter>Header Files</Filter>
    </ClInclude>
    <ClInclude Include="src\Graphics\Direct3D11\Direct3D11Drawable.h">
      <Filter>Header Files\Graphics\D3D11</Filter>
    </ClInclude>
    <ClInclude Include="src\Graphics\Material.h">
      <Filter>Header Files\Graphics</Filter>
    </ClInclude>
    <ClInclude Include="src\Graphics\Mesh.h">
      <Filter>Header Files\Graphics</Filter>
    </ClInclude>
    <ClInclude Include="src\Graphics\BasicCube.h">
      <Filter>Header Files\Graphics</Filter>
    </ClInclude>
    <ClInclude Include="src\Graphics\Model.h">
      <Filter>Header Files\Graphics</Filter>
    </ClInclude>
    <ClInclude Include="src\Graphics\Camera.h">
      <Filter>Header Files\Graphics</Filter>
    </ClInclude>
    <ClInclude Include="src\Graphics\MaterialFactory.h">
      <Filter>Header Files\Graphics</Filter>
    </ClInclude>
    <ClInclude Include="src\Graphics\Direct3D11\Direct3D11ModelConstantBuffer.h">
      <Filter>Header Files\Graphics\D3D11</Filter>
    </ClInclude>
    <ClInclude Include="src\Input.h">
      <Filter>Header Files</Filter>
    </ClInclude>
  </ItemGroup>
  <ItemGroup>
    <FxCompile Include="src\Shaders\VertexShaderTest.hlsl">
      <Filter>Shaders</Filter>
    </FxCompile>
    <FxCompile Include="src\Shaders\PixelShaderTest.hlsl">
      <Filter>Shaders</Filter>
    </FxCompile>
  </ItemGroup>
</Project>